
Microsoft Visual Studio Solution File, Format Version 12.00
# Visual Studio Version 17
VisualStudioVersion = 17.14.36623.8
MinimumVisualStudioVersion = 10.0.40219.1
Project("{2150E333-8FDC-42A3-9474-1A3956D46DE8}") = "Task0", "Task0", "{02EA681E-C7D8-13C7-8484-4AC65E1B71E8}"
EndProject
Project("{2150E333-8FDC-42A3-9474-1A3956D46DE8}") = "Task1", "Task1", "{B9406663-2213-460C-951F-F03138342DF0}"
EndProject
Project("{2150E333-8FDC-42A3-9474-1A3956D46DE8}") = "Task2", "Task2", "{564A3697-7E3C-4C9E-B6A0-210C2693F40D}"
EndProject
Project("{2150E333-8FDC-42A3-9474-1A3956D46DE8}") = "Task3", "Task3", "{AC903715-4008-4B0F-B5EE-EB2339AD07BC}"
EndProject
Project("{2150E333-8FDC-42A3-9474-1A3956D46DE8}") = "Task4", "Task4", "{50D3AE21-E1DF-4382-A742-3760CFA770EF}"
EndProject
Project("{2150E333-8FDC-42A3-9474-1A3956D46DE8}") = "Task5", "Task5", "{8AB1C8DD-6E67-4293-A894-6DC1FB0671A0}"
EndProject
Project("{2150E333-8FDC-42A3-9474-1A3956D46DE8}") = "Task6", "Task6", "{0CA0BB33-F753-462A-BD3B-40826BEEF561}"
EndProject
Project("{2150E333-8FDC-42A3-9474-1A3956D46DE8}") = "Task7", "Task7", "{A7F35FA3-9EF7-4D75-87AD-831A96EA62F4}"
EndProject
Project("{FAE04EC0-301F-11D3-BF4B-00C04F79EFBC}") = "Tyuiu.KlochenokVA.Sprint2.Task0.V5", "Tyuiu.KlochenokVA.Sprint2.Task0.V5\Tyuiu.KlochenokVA.Sprint2.Task0.V5.csproj", "{CB2CAF5B-7C15-4A00-98B8-AFE724A48A65}"
EndProject
Project("{FAE04EC0-301F-11D3-BF4B-00C04F79EFBC}") = "Tyuiu.KlochenokVA.Sprint2.Task0.V5.Lib", "Tyuiu.KlochenokVA.Sprint2.Task0.V5.Lib\Tyuiu.KlochenokVA.Sprint2.Task0.V5.Lib.csproj", "{E6A73310-8691-4682-BCEB-279378DC9DDE}"
EndProject
Project("{FAE04EC0-301F-11D3-BF4B-00C04F79EFBC}") = "Tyuiu.KlochenokVA.Sprint2.Task0.V5.Test", "Tyuiu.KlochenokVA.Sprint2.Task0.V5.Test\Tyuiu.KlochenokVA.Sprint2.Task0.V5.Test.csproj", "{1ED51717-F781-4819-9A3A-3A7866B75B92}"
EndProject
Project("{FAE04EC0-301F-11D3-BF4B-00C04F79EFBC}") = "Tyuiu.KlochenokVA.Sprint2.Task1.V7.Test", "Tyuiu.KlochenokVA.Sprint2.Task1.V7.Test\Tyuiu.KlochenokVA.Sprint2.Task1.V7.Test.csproj", "{3A73CE02-37D3-444E-B5D9-F496308351E0}"
EndProject
Project("{FAE04EC0-301F-11D3-BF4B-00C04F79EFBC}") = "Tyuiu.KlochenokVA.Sprint2.Task1.V7.Lib", "Tyuiu.KlochenokVA.Sprint2.Task1.V7.Lib\Tyuiu.KlochenokVA.Sprint2.Task1.V7.Lib.csproj", "{08F3D4EB-937A-429F-8ED0-C35FD5B19503}"
EndProject
Project("{FAE04EC0-301F-11D3-BF4B-00C04F79EFBC}") = "Tyuiu.KlochenokVA.Sprint2.Task1.V7", "Tyuiu.KlochenokVA.Sprint2.Task1.V7\Tyuiu.KlochenokVA.Sprint2.Task1.V7.csproj", "{FA689820-99D7-4027-9ECC-44B9A0E804CE}"
EndProject
Global
	GlobalSection(SolutionConfigurationPlatforms) = preSolution
		Debug|Any CPU = Debug|Any CPU
		Release|Any CPU = Release|Any CPU
	EndGlobalSection
	GlobalSection(ProjectConfigurationPlatforms) = postSolution
		{CB2CAF5B-7C15-4A00-98B8-AFE724A48A65}.Debug|Any CPU.ActiveCfg = Debug|Any CPU
		{CB2CAF5B-7C15-4A00-98B8-AFE724A48A65}.Debug|Any CPU.Build.0 = Debug|Any CPU
		{CB2CAF5B-7C15-4A00-98B8-AFE724A48A65}.Release|Any CPU.ActiveCfg = Release|Any CPU
		{CB2CAF5B-7C15-4A00-98B8-AFE724A48A65}.Release|Any CPU.Build.0 = Release|Any CPU
		{E6A73310-8691-4682-BCEB-279378DC9DDE}.Debug|Any CPU.ActiveCfg = Debug|Any CPU
		{E6A73310-8691-4682-BCEB-279378DC9DDE}.Debug|Any CPU.Build.0 = Debug|Any CPU
		{E6A73310-8691-4682-BCEB-279378DC9DDE}.Release|Any CPU.ActiveCfg = Release|Any CPU
		{E6A73310-8691-4682-BCEB-279378DC9DDE}.Release|Any CPU.Build.0 = Release|Any CPU
		{1ED51717-F781-4819-9A3A-3A7866B75B92}.Debug|Any CPU.ActiveCfg = Debug|Any CPU
		{1ED51717-F781-4819-9A3A-3A7866B75B92}.Debug|Any CPU.Build.0 = Debug|Any CPU
		{1ED51717-F781-4819-9A3A-3A7866B75B92}.Release|Any CPU.ActiveCfg = Release|Any CPU
		{1ED51717-F781-4819-9A3A-3A7866B75B92}.Release|Any CPU.Build.0 = Release|Any CPU
		{3A73CE02-37D3-444E-B5D9-F496308351E0}.Debug|Any CPU.ActiveCfg = Debug|Any CPU
		{3A73CE02-37D3-444E-B5D9-F496308351E0}.Debug|Any CPU.Build.0 = Debug|Any CPU
		{3A73CE02-37D3-444E-B5D9-F496308351E0}.Release|Any CPU.ActiveCfg = Release|Any CPU
		{3A73CE02-37D3-444E-B5D9-F496308351E0}.Release|Any CPU.Build.0 = Release|Any CPU
		{08F3D4EB-937A-429F-8ED0-C35FD5B19503}.Debug|Any CPU.ActiveCfg = Debug|Any CPU
		{08F3D4EB-937A-429F-8ED0-C35FD5B19503}.Debug|Any CPU.Build.0 = Debug|Any CPU
		{08F3D4EB-937A-429F-8ED0-C35FD5B19503}.Release|Any CPU.ActiveCfg = Release|Any CPU
		{08F3D4EB-937A-429F-8ED0-C35FD5B19503}.Release|Any CPU.Build.0 = Release|Any CPU
		{FA689820-99D7-4027-9ECC-44B9A0E804CE}.Debug|Any CPU.ActiveCfg = Debug|Any CPU
		{FA689820-99D7-4027-9ECC-44B9A0E804CE}.Debug|Any CPU.Build.0 = Debug|Any CPU
		{FA689820-99D7-4027-9ECC-44B9A0E804CE}.Release|Any CPU.ActiveCfg = Release|Any CPU
		{FA689820-99D7-4027-9ECC-44B9A0E804CE}.Release|Any CPU.Build.0 = Release|Any CPU
	EndGlobalSection
	GlobalSection(SolutionProperties) = preSolution
		HideSolutionNode = FALSE
	EndGlobalSection
	GlobalSection(NestedProjects) = preSolution
		{CB2CAF5B-7C15-4A00-98B8-AFE724A48A65} = {02EA681E-C7D8-13C7-8484-4AC65E1B71E8}
		{E6A73310-8691-4682-BCEB-279378DC9DDE} = {02EA681E-C7D8-13C7-8484-4AC65E1B71E8}
		{1ED51717-F781-4819-9A3A-3A7866B75B92} = {02EA681E-C7D8-13C7-8484-4AC65E1B71E8}
		{3A73CE02-37D3-444E-B5D9-F496308351E0} = {B9406663-2213-460C-951F-F03138342DF0}
		{08F3D4EB-937A-429F-8ED0-C35FD5B19503} = {B9406663-2213-460C-951F-F03138342DF0}
		{FA689820-99D7-4027-9ECC-44B9A0E804CE} = {B9406663-2213-460C-951F-F03138342DF0}
	EndGlobalSection
	GlobalSection(ExtensibilityGlobals) = postSolution
		SolutionGuid = {67CFDAE1-C5EC-477F-AC67-1D20709F03C0}
	EndGlobalSection
EndGlobal
